
Microsoft Visual Studio Solution File, Format Version 12.00
# Visual Studio Version 17
VisualStudioVersion = 17.4.33103.184
MinimumVisualStudioVersion = 10.0.40219.1
Project("{FAE04EC0-301F-11D3-BF4B-00C04F79EFBC}") = "Relógio", "Relógio\Relógio.csproj", "{DDDD8C75-2C89-4554-9C7D-25279286061B}"
EndProject
Global
	GlobalSection(SolutionConfigurationPlatforms) = preSolution
		Debug|Any CPU = Debug|Any CPU
		Release|Any CPU = Release|Any CPU
	EndGlobalSection
	GlobalSection(ProjectConfigurationPlatforms) = postSolution
		{DDDD8C75-2C89-4554-9C7D-25279286061B}.Debug|Any CPU.ActiveCfg = Debug|Any CPU
		{DDDD8C75-2C89-4554-9C7D-25279286061B}.Debug|Any CPU.Build.0 = Debug|Any CPU
		{DDDD8C75-2C89-4554-9C7D-25279286061B}.Release|Any CPU.ActiveCfg = Release|Any CPU
		{DDDD8C75-2C89-4554-9C7D-25279286061B}.Release|Any CPU.Build.0 = Release|Any CPU
	EndGlobalSection
	GlobalSection(SolutionProperties) = preSolution
		HideSolutionNode = FALSE
	EndGlobalSection
	GlobalSection(ExtensibilityGlobals) = postSolution
		SolutionGuid = {4A85D880-3835-49E3-A5EE-7EB29E9DEBE3}
	EndGlobalSection
EndGlobal
